
Microsoft Visual Studio Solution File, Format Version 12.00
# Visual Studio Version 17
VisualStudioVersion = 17.1.32407.343
MinimumVisualStudioVersion = 10.0.40219.1
Project("{FAE04EC0-301F-11D3-BF4B-00C04F79EFBC}") = "ProjectBankAccount", "ProjectBankAccount\ProjectBankAccount.csproj", "{4EF38B5A-FFB1-479E-A0CF-128B776E330E}"
EndProject
Global
	GlobalSection(SolutionConfigurationPlatforms) = preSolution
		Debug|Any CPU = Debug|Any CPU
		Release|Any CPU = Release|Any CPU
	EndGlobalSection
	GlobalSection(ProjectConfigurationPlatforms) = postSolution
		{4EF38B5A-FFB1-479E-A0CF-128B776E330E}.Debug|Any CPU.ActiveCfg = Debug|Any CPU
		{4EF38B5A-FFB1-479E-A0CF-128B776E330E}.Debug|Any CPU.Build.0 = Debug|Any CPU
		{4EF38B5A-FFB1-479E-A0CF-128B776E330E}.Release|Any CPU.ActiveCfg = Release|Any CPU
		{4EF38B5A-FFB1-479E-A0CF-128B776E330E}.Release|Any CPU.Build.0 = Release|Any CPU
	EndGlobalSection
	GlobalSection(SolutionProperties) = preSolution
		HideSolutionNode = FALSE
	EndGlobalSection
	GlobalSection(ExtensibilityGlobals) = postSolution
		SolutionGuid = {33150967-39C2-41EE-A906-573AF0CED100}
	EndGlobalSection
EndGlobal
